
Microsoft Visual Studio Solution File, Format Version 12.00
# Visual Studio Version 17
VisualStudioVersion = 17.0.32014.148
MinimumVisualStudioVersion = 10.0.40219.1
Project("{9A19103F-16F7-4668-BE54-9A1E7A4F7556}") = "Y2Sharp", "Y2Sharp\Y2Sharp.csproj", "{1FA8E0C6-E4E6-48FE-AB01-AC9C1B967484}"
EndProject
Project("{9A19103F-16F7-4668-BE54-9A1E7A4F7556}") = "Y2SharpWPF", "Y2SharpWPF\Y2SharpWPF.csproj", "{A271E383-32D0-4D9B-A091-55BDDD2169C7}"
EndProject
Project("{2150E333-8FDC-42A3-9474-1A3956D46DE8}") = "Solution Items", "Solution Items", "{54954A8F-15E6-4A1E-B280-523241C2D9F4}"
	ProjectSection(SolutionItems) = preProject
		README.md = README.md
	EndProjectSection
EndProject
Global
	GlobalSection(SolutionConfigurationPlatforms) = preSolution
		Debug|Any CPU = Debug|Any CPU
		Release|Any CPU = Release|Any CPU
	EndGlobalSection
	GlobalSection(ProjectConfigurationPlatforms) = postSolution
		{1FA8E0C6-E4E6-48FE-AB01-AC9C1B967484}.Debug|Any CPU.ActiveCfg = Debug|Any CPU
		{1FA8E0C6-E4E6-48FE-AB01-AC9C1B967484}.Debug|Any CPU.Build.0 = Debug|Any CPU
		{1FA8E0C6-E4E6-48FE-AB01-AC9C1B967484}.Release|Any CPU.ActiveCfg = Release|Any CPU
		{1FA8E0C6-E4E6-48FE-AB01-AC9C1B967484}.Release|Any CPU.Build.0 = Release|Any CPU
		{A271E383-32D0-4D9B-A091-55BDDD2169C7}.Debug|Any CPU.ActiveCfg = Debug|Any CPU
		{A271E383-32D0-4D9B-A091-55BDDD2169C7}.Debug|Any CPU.Build.0 = Debug|Any CPU
		{A271E383-32D0-4D9B-A091-55BDDD2169C7}.Release|Any CPU.ActiveCfg = Release|Any CPU
		{A271E383-32D0-4D9B-A091-55BDDD2169C7}.Release|Any CPU.Build.0 = Release|Any CPU
	EndGlobalSection
	GlobalSection(SolutionProperties) = preSolution
		HideSolutionNode = FALSE
	EndGlobalSection
	GlobalSection(ExtensibilityGlobals) = postSolution
		SolutionGuid = {0159E894-A778-4089-96A2-3DDA65FD8FED}
	EndGlobalSection
EndGlobal
